<?xml version="1.0" encoding="UTF-8" standalone="yes" ?>
<CodeBlocks_project_file>
	<FileVersion major="1" minor="6" />
	<Project>
		<Option title="Game" />
		<Option pch_mode="2" />
		<Option compiler="gcc" />
		<Build>
			<Target title="Debug">
				<Option output="bin/Debug/Game" prefix_auto="1" extension_auto="1" />
				<Option object_output="obj/Debug/" />
				<Option type="1" />
				<Option compiler="gcc" />
				<Compiler>
					<Add option="-std=c++11" />
					<Add option="-g" />
					<Add directory="C:/SFML-2.3.2/include" />
					<Add directory="D:/Dropbox/Coding/MailRu/technoatom/Game/" />
					<Add directory="C:/SFML-2.3.2/lib" />
				</Compiler>
				<Linker>
					<Add library="C:/SFML-2.3.2/lib/libopenal32.a" />
					<Add library="C:/SFML-2.3.2/lib/libsfml-audio.a" />
					<Add library="C:/SFML-2.3.2/lib/libsfml-audio-d.a" />
					<Add library="C:/SFML-2.3.2/lib/libsfml-graphics.a" />
					<Add library="C:/SFML-2.3.2/lib/libsfml-graphics-d.a" />
					<Add library="C:/SFML-2.3.2/lib/libsfml-main.a" />
					<Add library="C:/SFML-2.3.2/lib/libsfml-main-d.a" />
					<Add library="C:/SFML-2.3.2/lib/libsfml-system.a" />
					<Add library="C:/SFML-2.3.2/lib/libsfml-system-d.a" />
					<Add library="C:/SFML-2.3.2/lib/libsfml-window.a" />
					<Add library="C:/SFML-2.3.2/lib/libsfml-window-d.a" />
					<Add library="C:/SFML-2.3.2/lib/libjpeg.a" />
					<Add directory="C:/SFML-2.3.2/lib" />
				</Linker>
			</Target>
			<Target title="Release">
				<Option output="bin/Release/Please" prefix_auto="1" extension_auto="1" />
				<Option object_output="obj/Release/" />
				<Option type="1" />
				<Option compiler="gcc" />
				<Compiler>
					<Add option="-O2" />
				</Compiler>
				<Linker>
					<Add option="-s" />
				</Linker>
			</Target>
		</Build>
		<Compiler>
			<Add option="-Wall" />
			<Add option="-std=c++11" />
			<Add directory="SFML-2.3.2/include" />
		</Compiler>
		<Linker>
			<Add library="SFML-2.3.2/lib/libFLAC.a" />
			<Add library="SFML-2.3.2/lib/libfreetype.a" />
			<Add library="SFML-2.3.2/lib/libjpeg.a" />
			<Add library="SFML-2.3.2/lib/libopengl32.a" />
			<Add library="SFML-2.3.2/lib/libsfml-graphics.a" />
			<Add library="SFML-2.3.2/lib/libsfml-graphics-d.a" />
			<Add library="SFML-2.3.2/lib/libsfml-main.a" />
			<Add library="SFML-2.3.2/lib/libsfml-main-d.a" />
			<Add library="SFML-2.3.2/lib/libsfml-system.a" />
			<Add library="SFML-2.3.2/lib/libsfml-system-d.a" />
			<Add library="SFML-2.3.2/lib/libsfml-window.a" />
			<Add library="SFML-2.3.2/lib/libsfml-window-d.a" />
		</Linker>
		<Unit filename="../ALU/ALU/alu.h" />
		<Unit filename="../stack/stack/array.h" />
		<Unit filename="../stack/stack/smart_ptr.h" />
		<Unit filename="../stack/stack/stack.h" />
		<Unit filename="../utils/print.h" />
		<Unit filename="Engine.h" />
		<Unit filename="GameObjects.h" />
		<Unit filename="Transformation.h" />
		<Unit filename="constants.h" />
		<Unit filename="dialogs.h" />
		<Unit filename="factory.h" />
		<Unit filename="linearvector.h" />
		<Unit filename="main.cpp" />
		<Unit filename="refframe.h" />
		<Unit filename="refpoint.h" />
		<Extensions>
			<code_completion />
			<debugger />
			<envvars />
		</Extensions>
	</Project>
</CodeBlocks_project_file>
